
Microsoft Visual Studio Solution File, Format Version 12.00
# Visual Studio 15
VisualStudioVersion = 15.0.28307.572
MinimumVisualStudioVersion = 10.0.40219.1
Project("{FAE04EC0-301F-11D3-BF4B-00C04F79EFBC}") = "MathJeopardy", "MathJeopardy\MathJeopardy.csproj", "{FADE7EF8-6613-4700-8695-30B6037F76FC}"
EndProject
Global
	GlobalSection(SolutionConfigurationPlatforms) = preSolution
		Debug|Any CPU = Debug|Any CPU
		Release|Any CPU = Release|Any CPU
	EndGlobalSection
	GlobalSection(ProjectConfigurationPlatforms) = postSolution
		{FADE7EF8-6613-4700-8695-30B6037F76FC}.Debug|Any CPU.ActiveCfg = Debug|Any CPU
		{FADE7EF8-6613-4700-8695-30B6037F76FC}.Debug|Any CPU.Build.0 = Debug|Any CPU
		{FADE7EF8-6613-4700-8695-30B6037F76FC}.Release|Any CPU.ActiveCfg = Release|Any CPU
		{FADE7EF8-6613-4700-8695-30B6037F76FC}.Release|Any CPU.Build.0 = Release|Any CPU
	EndGlobalSection
	GlobalSection(SolutionProperties) = preSolution
		HideSolutionNode = FALSE
	EndGlobalSection
	GlobalSection(ExtensibilityGlobals) = postSolution
		SolutionGuid = {8BEE6A69-35D4-4C90-8E6D-C6578C1E62A4}
	EndGlobalSection
EndGlobal
